// !$*UTF8*$!
{
	archiveVersion = 1;
	classes = {
	};
	objectVersion = 56;
	objects = {

/* Begin PBXBuildFile section */
		147037FE2AFBA5BB002B17E4 /* HandleLogging.swift in Sources */ = {isa = PBXBuildFile; fileRef = 147037FD2AFBA5BB002B17E4 /* HandleLogging.swift */; };
		147038102AFBCEF4002B17E4 /* RotateView.swift in Sources */ = {isa = PBXBuildFile; fileRef = 1470380F2AFBCEF4002B17E4 /* RotateView.swift */; };
		147038142AFC1FDA002B17E4 /* MealDataModel.xcdatamodeld in Sources */ = {isa = PBXBuildFile; fileRef = 147038122AFC1FDA002B17E4 /* MealDataModel.xcdatamodeld */; };
		147038372AFC39E2002B17E4 /* Persistence.swift in Sources */ = {isa = PBXBuildFile; fileRef = 147038362AFC39E2002B17E4 /* Persistence.swift */; };
		147038392AFC835A002B17E4 /* NetworkError.swift in Sources */ = {isa = PBXBuildFile; fileRef = 147038382AFC835A002B17E4 /* NetworkError.swift */; };
		1470383B2AFC839D002B17E4 /* MealFetcher.swift in Sources */ = {isa = PBXBuildFile; fileRef = 1470383A2AFC839D002B17E4 /* MealFetcher.swift */; };
		1470383D2AFC83BA002B17E4 /* MealDetailsFetcher.swift in Sources */ = {isa = PBXBuildFile; fileRef = 1470383C2AFC83BA002B17E4 /* MealDetailsFetcher.swift */; };
		147038402AFD0635002B17E4 /* NetworkMonitor.swift in Sources */ = {isa = PBXBuildFile; fileRef = 1470383F2AFD0635002B17E4 /* NetworkMonitor.swift */; };
		1474B6B02AFA85DA007B5B68 /* TestMealDetails.swift in Sources */ = {isa = PBXBuildFile; fileRef = 1474B6AF2AFA85DA007B5B68 /* TestMealDetails.swift */; };
		1474B6B22AFA8C19007B5B68 /* TestMealModel.swift in Sources */ = {isa = PBXBuildFile; fileRef = 1474B6B12AFA8C19007B5B68 /* TestMealModel.swift */; };
		1474B6B42AFA90C0007B5B68 /* APIEndpoint.swift in Sources */ = {isa = PBXBuildFile; fileRef = 1474B6B32AFA90C0007B5B68 /* APIEndpoint.swift */; };
		1474B6B82AFAA935007B5B68 /* MockFetchData.swift in Sources */ = {isa = PBXBuildFile; fileRef = 1474B6B72AFAA935007B5B68 /* MockFetchData.swift */; };
		1474B6BC2AFAAA33007B5B68 /* TestMealListViewModel.swift in Sources */ = {isa = PBXBuildFile; fileRef = 1474B6BB2AFAAA33007B5B68 /* TestMealListViewModel.swift */; };
		1474B6C42AFAEDEC007B5B68 /* TestMealListView.swift in Sources */ = {isa = PBXBuildFile; fileRef = 1474B6C32AFAEDEC007B5B68 /* TestMealListView.swift */; };
		1474B6C62AFAEDEC007B5B68 /* DessertCategoryUITestsLaunchTests.swift in Sources */ = {isa = PBXBuildFile; fileRef = 1474B6C52AFAEDEC007B5B68 /* DessertCategoryUITestsLaunchTests.swift */; };
		1474B6CD2AFAEF10007B5B68 /* MealListPageObject.swift in Sources */ = {isa = PBXBuildFile; fileRef = 1474B6CC2AFAEF10007B5B68 /* MealListPageObject.swift */; };
		1474B6D02AFAF239007B5B68 /* MealDetailsPageObject.swift in Sources */ = {isa = PBXBuildFile; fileRef = 1474B6CF2AFAF239007B5B68 /* MealDetailsPageObject.swift */; };
		1474B6EF2AFB2ACB007B5B68 /* TestPerformance.swift in Sources */ = {isa = PBXBuildFile; fileRef = 1474B6EE2AFB2ACB007B5B68 /* TestPerformance.swift */; };
		147E4EDC2AF9452000E0A907 /* DessertCategoryApp.swift in Sources */ = {isa = PBXBuildFile; fileRef = 147E4EDB2AF9452000E0A907 /* DessertCategoryApp.swift */; };
		147E4EDE2AF9452000E0A907 /* ContentView.swift in Sources */ = {isa = PBXBuildFile; fileRef = 147E4EDD2AF9452000E0A907 /* ContentView.swift */; };
		147E4EE02AF9452100E0A907 /* Assets.xcassets in Resources */ = {isa = PBXBuildFile; fileRef = 147E4EDF2AF9452100E0A907 /* Assets.xcassets */; };
		147E4EE32AF9452100E0A907 /* Preview Assets.xcassets in Resources */ = {isa = PBXBuildFile; fileRef = 147E4EE22AF9452100E0A907 /* Preview Assets.xcassets */; };
		147E4EEC2AF9466B00E0A907 /* FetchDataGeneric.swift in Sources */ = {isa = PBXBuildFile; fileRef = 147E4EEB2AF9466B00E0A907 /* FetchDataGeneric.swift */; };
		147E4EEE2AF9510A00E0A907 /* MealModel.swift in Sources */ = {isa = PBXBuildFile; fileRef = 147E4EED2AF9510A00E0A907 /* MealModel.swift */; };
		147E4EF02AF95CC500E0A907 /* MealListViewModel.swift in Sources */ = {isa = PBXBuildFile; fileRef = 147E4EEF2AF95CC500E0A907 /* MealListViewModel.swift */; };
		147E4EF22AF95CF500E0A907 /* MealListView.swift in Sources */ = {isa = PBXBuildFile; fileRef = 147E4EF12AF95CF500E0A907 /* MealListView.swift */; };
		147E4EF42AF9943D00E0A907 /* MealDetailsModel.swift in Sources */ = {isa = PBXBuildFile; fileRef = 147E4EF32AF9943D00E0A907 /* MealDetailsModel.swift */; };
		147E4EF62AF9997A00E0A907 /* MealDetailsViewModel.swift in Sources */ = {isa = PBXBuildFile; fileRef = 147E4EF52AF9997A00E0A907 /* MealDetailsViewModel.swift */; };
		147E4EF82AF99A2600E0A907 /* MealDetailsView.swift in Sources */ = {isa = PBXBuildFile; fileRef = 147E4EF72AF99A2600E0A907 /* MealDetailsView.swift */; };
		147E4F002AF9A5FF00E0A907 /* TestFetchDataGeneric.swift in Sources */ = {isa = PBXBuildFile; fileRef = 147E4EFF2AF9A5FF00E0A907 /* TestFetchDataGeneric.swift */; };
		147E4F072AFA594400E0A907 /* MockFetchDataGeneric.swift in Sources */ = {isa = PBXBuildFile; fileRef = 147E4F062AFA594400E0A907 /* MockFetchDataGeneric.swift */; };
/* End PBXBuildFile section */

/* Begin PBXContainerItemProxy section */
		1474B6C72AFAEDEC007B5B68 /* PBXContainerItemProxy */ = {
			isa = PBXContainerItemProxy;
			containerPortal = 147E4ED02AF9452000E0A907 /* Project object */;
			proxyType = 1;
			remoteGlobalIDString = 147E4ED72AF9452000E0A907;
			remoteInfo = DessertCategory;
		};
		147E4F012AF9A5FF00E0A907 /* PBXContainerItemProxy */ = {
			isa = PBXContainerItemProxy;
			containerPortal = 147E4ED02AF9452000E0A907 /* Project object */;
			proxyType = 1;
			remoteGlobalIDString = 147E4ED72AF9452000E0A907;
			remoteInfo = DessertCategory;
		};
/* End PBXContainerItemProxy section */

/* Begin PBXFileReference section */
		147037FD2AFBA5BB002B17E4 /* HandleLogging.swift */ = {isa = PBXFileReference; lastKnownFileType = sourcecode.swift; path = HandleLogging.swift; sourceTree = "<group>"; };
		1470380E2AFBC27C002B17E4 /* DessertCategory.xctestplan */ = {isa = PBXFileReference; lastKnownFileType = text; path = DessertCategory.xctestplan; sourceTree = "<group>"; };
		1470380F2AFBCEF4002B17E4 /* RotateView.swift */ = {isa = PBXFileReference; lastKnownFileType = sourcecode.swift; path = RotateView.swift; sourceTree = "<group>"; };
		147038132AFC1FDA002B17E4 /* MealDataModel.xcdatamodel */ = {isa = PBXFileReference; lastKnownFileType = wrapper.xcdatamodel; path = MealDataModel.xcdatamodel; sourceTree = "<group>"; };
		147038362AFC39E2002B17E4 /* Persistence.swift */ = {isa = PBXFileReference; fileEncoding = 4; lastKnownFileType = sourcecode.swift; path = Persistence.swift; sourceTree = "<group>"; };
		147038382AFC835A002B17E4 /* NetworkError.swift */ = {isa = PBXFileReference; lastKnownFileType = sourcecode.swift; path = NetworkError.swift; sourceTree = "<group>"; };
		1470383A2AFC839D002B17E4 /* MealFetcher.swift */ = {isa = PBXFileReference; lastKnownFileType = sourcecode.swift; path = MealFetcher.swift; sourceTree = "<group>"; };
		1470383C2AFC83BA002B17E4 /* MealDetailsFetcher.swift */ = {isa = PBXFileReference; lastKnownFileType = sourcecode.swift; path = MealDetailsFetcher.swift; sourceTree = "<group>"; };
		1470383F2AFD0635002B17E4 /* NetworkMonitor.swift */ = {isa = PBXFileReference; lastKnownFileType = sourcecode.swift; path = NetworkMonitor.swift; sourceTree = "<group>"; };
		1474B6AF2AFA85DA007B5B68 /* TestMealDetails.swift */ = {isa = PBXFileReference; lastKnownFileType = sourcecode.swift; path = TestMealDetails.swift; sourceTree = "<group>"; };
		1474B6B12AFA8C19007B5B68 /* TestMealModel.swift */ = {isa = PBXFileReference; lastKnownFileType = sourcecode.swift; path = TestMealModel.swift; sourceTree = "<group>"; };
		1474B6B32AFA90C0007B5B68 /* APIEndpoint.swift */ = {isa = PBXFileReference; lastKnownFileType = sourcecode.swift; path = APIEndpoint.swift; sourceTree = "<group>"; };
		1474B6B72AFAA935007B5B68 /* MockFetchData.swift */ = {isa = PBXFileReference; lastKnownFileType = sourcecode.swift; path = MockFetchData.swift; sourceTree = "<group>"; };
		1474B6BB2AFAAA33007B5B68 /* TestMealListViewModel.swift */ = {isa = PBXFileReference; lastKnownFileType = sourcecode.swift; path = TestMealListViewModel.swift; sourceTree = "<group>"; };
		1474B6C12AFAEDEC007B5B68 /* DessertCategoryUITests.xctest */ = {isa = PBXFileReference; explicitFileType = wrapper.cfbundle; includeInIndex = 0; path = DessertCategoryUITests.xctest; sourceTree = BUILT_PRODUCTS_DIR; };
		1474B6C32AFAEDEC007B5B68 /* TestMealListView.swift */ = {isa = PBXFileReference; lastKnownFileType = sourcecode.swift; path = TestMealListView.swift; sourceTree = "<group>"; };
		1474B6C52AFAEDEC007B5B68 /* DessertCategoryUITestsLaunchTests.swift */ = {isa = PBXFileReference; lastKnownFileType = sourcecode.swift; path = DessertCategoryUITestsLaunchTests.swift; sourceTree = "<group>"; };
		1474B6CC2AFAEF10007B5B68 /* MealListPageObject.swift */ = {isa = PBXFileReference; lastKnownFileType = sourcecode.swift; path = MealListPageObject.swift; sourceTree = "<group>"; };
		1474B6CF2AFAF239007B5B68 /* MealDetailsPageObject.swift */ = {isa = PBXFileReference; lastKnownFileType = sourcecode.swift; path = MealDetailsPageObject.swift; sourceTree = "<group>"; };
		1474B6EE2AFB2ACB007B5B68 /* TestPerformance.swift */ = {isa = PBXFileReference; lastKnownFileType = sourcecode.swift; path = TestPerformance.swift; sourceTree = "<group>"; };
		147E4ED82AF9452000E0A907 /* DessertCategory.app */ = {isa = PBXFileReference; explicitFileType = wrapper.application; includeInIndex = 0; path = DessertCategory.app; sourceTree = BUILT_PRODUCTS_DIR; };
		147E4EDB2AF9452000E0A907 /* DessertCategoryApp.swift */ = {isa = PBXFileReference; lastKnownFileType = sourcecode.swift; path = DessertCategoryApp.swift; sourceTree = "<group>"; };
		147E4EDD2AF9452000E0A907 /* ContentView.swift */ = {isa = PBXFileReference; lastKnownFileType = sourcecode.swift; path = ContentView.swift; sourceTree = "<group>"; };
		147E4EDF2AF9452100E0A907 /* Assets.xcassets */ = {isa = PBXFileReference; lastKnownFileType = folder.assetcatalog; path = Assets.xcassets; sourceTree = "<group>"; };
		147E4EE22AF9452100E0A907 /* Preview Assets.xcassets */ = {isa = PBXFileReference; lastKnownFileType = folder.assetcatalog; path = "Preview Assets.xcassets"; sourceTree = "<group>"; };
		147E4EEB2AF9466B00E0A907 /* FetchDataGeneric.swift */ = {isa = PBXFileReference; lastKnownFileType = sourcecode.swift; path = FetchDataGeneric.swift; sourceTree = "<group>"; };
		147E4EED2AF9510A00E0A907 /* MealModel.swift */ = {isa = PBXFileReference; lastKnownFileType = sourcecode.swift; path = MealModel.swift; sourceTree = "<group>"; };
		147E4EEF2AF95CC500E0A907 /* MealListViewModel.swift */ = {isa = PBXFileReference; lastKnownFileType = sourcecode.swift; path = MealListViewModel.swift; sourceTree = "<group>"; };
		147E4EF12AF95CF500E0A907 /* MealListView.swift */ = {isa = PBXFileReference; lastKnownFileType = sourcecode.swift; path = MealListView.swift; sourceTree = "<group>"; };
		147E4EF32AF9943D00E0A907 /* MealDetailsModel.swift */ = {isa = PBXFileReference; lastKnownFileType = sourcecode.swift; path = MealDetailsModel.swift; sourceTree = "<group>"; };
		147E4EF52AF9997A00E0A907 /* MealDetailsViewModel.swift */ = {isa = PBXFileReference; lastKnownFileType = sourcecode.swift; path = MealDetailsViewModel.swift; sourceTree = "<group>"; };
		147E4EF72AF99A2600E0A907 /* MealDetailsView.swift */ = {isa = PBXFileReference; lastKnownFileType = sourcecode.swift; path = MealDetailsView.swift; sourceTree = "<group>"; };
		147E4EFD2AF9A5FF00E0A907 /* DessertCategoryUnitTests.xctest */ = {isa = PBXFileReference; explicitFileType = wrapper.cfbundle; includeInIndex = 0; path = DessertCategoryUnitTests.xctest; sourceTree = BUILT_PRODUCTS_DIR; };
		147E4EFF2AF9A5FF00E0A907 /* TestFetchDataGeneric.swift */ = {isa = PBXFileReference; lastKnownFileType = sourcecode.swift; path = TestFetchDataGeneric.swift; sourceTree = "<group>"; };
		147E4F062AFA594400E0A907 /* MockFetchDataGeneric.swift */ = {isa = PBXFileReference; lastKnownFileType = sourcecode.swift; path = MockFetchDataGeneric.swift; sourceTree = "<group>"; };
/* End PBXFileReference section */

/* Begin PBXFrameworksBuildPhase section */
		1474B6BE2AFAEDEC007B5B68 /* Frameworks */ = {
			isa = PBXFrameworksBuildPhase;
			buildActionMask = 2147483647;
			files = (
			);
			runOnlyForDeploymentPostprocessing = 0;
		};
		147E4ED52AF9452000E0A907 /* Frameworks */ = {
			isa = PBXFrameworksBuildPhase;
			buildActionMask = 2147483647;
			files = (
			);
			runOnlyForDeploymentPostprocessing = 0;
		};
		147E4EFA2AF9A5FF00E0A907 /* Frameworks */ = {
			isa = PBXFrameworksBuildPhase;
			buildActionMask = 2147483647;
			files = (
			);
			runOnlyForDeploymentPostprocessing = 0;
		};
/* End PBXFrameworksBuildPhase section */

/* Begin PBXGroup section */
		147037FC2AFBA59F002B17E4 /* Service */ = {
			isa = PBXGroup;
			children = (
				1474B6B32AFA90C0007B5B68 /* APIEndpoint.swift */,
				147E4EEB2AF9466B00E0A907 /* FetchDataGeneric.swift */,
				147037FD2AFBA5BB002B17E4 /* HandleLogging.swift */,
				147038382AFC835A002B17E4 /* NetworkError.swift */,
			);
			path = Service;
			sourceTree = "<group>";
		};
		147038112AFC1FBE002B17E4 /* CoreData */ = {
			isa = PBXGroup;
			children = (
				147038362AFC39E2002B17E4 /* Persistence.swift */,
				147038122AFC1FDA002B17E4 /* MealDataModel.xcdatamodeld */,
			);
			path = CoreData;
			sourceTree = "<group>";
		};
		1470383E2AFD05D4002B17E4 /* NetworkMonitor */ = {
			isa = PBXGroup;
			children = (
				1470383F2AFD0635002B17E4 /* NetworkMonitor.swift */,
			);
			path = NetworkMonitor;
			sourceTree = "<group>";
		};
		147038412AFD47B5002B17E4 /* Utility */ = {
			isa = PBXGroup;
			children = (
				1470380F2AFBCEF4002B17E4 /* RotateView.swift */,
			);
			path = Utility;
			sourceTree = "<group>";
		};
		1474B6AE2AFA8587007B5B68 /* Mock */ = {
			isa = PBXGroup;
			children = (
				147E4F062AFA594400E0A907 /* MockFetchDataGeneric.swift */,
				1474B6B72AFAA935007B5B68 /* MockFetchData.swift */,
			);
			path = Mock;
			sourceTree = "<group>";
		};
		1474B6B92AFAA9F8007B5B68 /* TestMeal */ = {
			isa = PBXGroup;
			children = (
				1474B6B12AFA8C19007B5B68 /* TestMealModel.swift */,
				1474B6BB2AFAAA33007B5B68 /* TestMealListViewModel.swift */,
			);
			path = TestMeal;
			sourceTree = "<group>";
		};
		1474B6BA2AFAAA07007B5B68 /* TestMealDetails */ = {
			isa = PBXGroup;
			children = (
				1474B6AF2AFA85DA007B5B68 /* TestMealDetails.swift */,
			);
			path = TestMealDetails;
			sourceTree = "<group>";
		};
		1474B6C22AFAEDEC007B5B68 /* DessertCategoryUITests */ = {
			isa = PBXGroup;
			children = (
				1474B6ED2AFB2A84007B5B68 /* PerformanceTest */,
				1474B6CE2AFAF21A007B5B68 /* PageObject */,
				1474B6C32AFAEDEC007B5B68 /* TestMealListView.swift */,
				1474B6C52AFAEDEC007B5B68 /* DessertCategoryUITestsLaunchTests.swift */,
			);
			path = DessertCategoryUITests;
			sourceTree = "<group>";
		};
		1474B6CE2AFAF21A007B5B68 /* PageObject */ = {
			isa = PBXGroup;
			children = (
				1474B6CC2AFAEF10007B5B68 /* MealListPageObject.swift */,
				1474B6CF2AFAF239007B5B68 /* MealDetailsPageObject.swift */,
			);
			path = PageObject;
			sourceTree = "<group>";
		};
		1474B6ED2AFB2A84007B5B68 /* PerformanceTest */ = {
			isa = PBXGroup;
			children = (
				1474B6EE2AFB2ACB007B5B68 /* TestPerformance.swift */,
			);
			path = PerformanceTest;
			sourceTree = "<group>";
		};
		147E4ECF2AF9452000E0A907 = {
			isa = PBXGroup;
			children = (
				1470380E2AFBC27C002B17E4 /* DessertCategory.xctestplan */,
				147E4EDA2AF9452000E0A907 /* DessertCategory */,
				147E4EFE2AF9A5FF00E0A907 /* DessertCategoryUnitTests */,
				1474B6C22AFAEDEC007B5B68 /* DessertCategoryUITests */,
				147E4ED92AF9452000E0A907 /* Products */,
			);
			sourceTree = "<group>";
		};
		147E4ED92AF9452000E0A907 /* Products */ = {
			isa = PBXGroup;
			children = (
				147E4ED82AF9452000E0A907 /* DessertCategory.app */,
				147E4EFD2AF9A5FF00E0A907 /* DessertCategoryUnitTests.xctest */,
				1474B6C12AFAEDEC007B5B68 /* DessertCategoryUITests.xctest */,
			);
			name = Products;
			sourceTree = "<group>";
		};
		147E4EDA2AF9452000E0A907 /* DessertCategory */ = {
			isa = PBXGroup;
			children = (
				147038412AFD47B5002B17E4 /* Utility */,
				1470383E2AFD05D4002B17E4 /* NetworkMonitor */,
				147038112AFC1FBE002B17E4 /* CoreData */,
				147037FC2AFBA59F002B17E4 /* Service */,
				147E4EE92AF9462500E0A907 /* Meals */,
				147E4EEA2AF9462F00E0A907 /* MealDetails */,
				147E4EDB2AF9452000E0A907 /* DessertCategoryApp.swift */,
				147E4EDD2AF9452000E0A907 /* ContentView.swift */,
				147E4EDF2AF9452100E0A907 /* Assets.xcassets */,
				147E4EE12AF9452100E0A907 /* Preview Content */,
			);
			path = DessertCategory;
			sourceTree = "<group>";
		};
		147E4EE12AF9452100E0A907 /* Preview Content */ = {
			isa = PBXGroup;
			children = (
				147E4EE22AF9452100E0A907 /* Preview Assets.xcassets */,
			);
			path = "Preview Content";
			sourceTree = "<group>";
		};
		147E4EE92AF9462500E0A907 /* Meals */ = {
			isa = PBXGroup;
			children = (
				1470383A2AFC839D002B17E4 /* MealFetcher.swift */,
				147E4EED2AF9510A00E0A907 /* MealModel.swift */,
				147E4EEF2AF95CC500E0A907 /* MealListViewModel.swift */,
				147E4EF12AF95CF500E0A907 /* MealListView.swift */,
			);
			path = Meals;
			sourceTree = "<group>";
		};
		147E4EEA2AF9462F00E0A907 /* MealDetails */ = {
			isa = PBXGroup;
			children = (
				1470383C2AFC83BA002B17E4 /* MealDetailsFetcher.swift */,
				147E4EF32AF9943D00E0A907 /* MealDetailsModel.swift */,
				147E4EF52AF9997A00E0A907 /* MealDetailsViewModel.swift */,
				147E4EF72AF99A2600E0A907 /* MealDetailsView.swift */,
			);
			path = MealDetails;
			sourceTree = "<group>";
		};
		147E4EFE2AF9A5FF00E0A907 /* DessertCategoryUnitTests */ = {
			isa = PBXGroup;
			children = (
				1474B6AE2AFA8587007B5B68 /* Mock */,
				1474B6B92AFAA9F8007B5B68 /* TestMeal */,
				1474B6BA2AFAAA07007B5B68 /* TestMealDetails */,
				147E4EFF2AF9A5FF00E0A907 /* TestFetchDataGeneric.swift */,
			);
			path = DessertCategoryUnitTests;
			sourceTree = "<group>";
		};
/* End PBXGroup section */

/* Begin PBXNativeTarget section */
		1474B6C02AFAEDEC007B5B68 /* DessertCategoryUITests */ = {
			isa = PBXNativeTarget;
			buildConfigurationList = 1474B6C92AFAEDEC007B5B68 /* Build configuration list for PBXNativeTarget "DessertCategoryUITests" */;
			buildPhases = (
				1474B6BD2AFAEDEC007B5B68 /* Sources */,
				1474B6BE2AFAEDEC007B5B68 /* Frameworks */,
				1474B6BF2AFAEDEC007B5B68 /* Resources */,
			);
			buildRules = (
			);
			dependencies = (
				1474B6C82AFAEDEC007B5B68 /* PBXTargetDependency */,
			);
			name = DessertCategoryUITests;
			productName = DessertCategoryUITests;
			productReference = 1474B6C12AFAEDEC007B5B68 /* DessertCategoryUITests.xctest */;
			productType = "com.apple.product-type.bundle.ui-testing";
		};
		147E4ED72AF9452000E0A907 /* DessertCategory */ = {
			isa = PBXNativeTarget;
			buildConfigurationList = 147E4EE62AF9452100E0A907 /* Build configuration list for PBXNativeTarget "DessertCategory" */;
			buildPhases = (
				147E4ED42AF9452000E0A907 /* Sources */,
				147E4ED52AF9452000E0A907 /* Frameworks */,
				147E4ED62AF9452000E0A907 /* Resources */,
			);
			buildRules = (
			);
			dependencies = (
			);
			name = DessertCategory;
			productName = DessertCategory;
			productReference = 147E4ED82AF9452000E0A907 /* DessertCategory.app */;
			productType = "com.apple.product-type.application";
		};
		147E4EFC2AF9A5FF00E0A907 /* DessertCategoryUnitTests */ = {
			isa = PBXNativeTarget;
			buildConfigurationList = 147E4F032AF9A5FF00E0A907 /* Build configuration list for PBXNativeTarget "DessertCategoryUnitTests" */;
			buildPhases = (
				147E4EF92AF9A5FF00E0A907 /* Sources */,
				147E4EFA2AF9A5FF00E0A907 /* Frameworks */,
				147E4EFB2AF9A5FF00E0A907 /* Resources */,
			);
			buildRules = (
			);
			dependencies = (
				147E4F022AF9A5FF00E0A907 /* PBXTargetDependency */,
			);
			name = DessertCategoryUnitTests;
			productName = DessertCategoryUnitTests;
			productReference = 147E4EFD2AF9A5FF00E0A907 /* DessertCategoryUnitTests.xctest */;
			productType = "com.apple.product-type.bundle.unit-test";
		};
/* End PBXNativeTarget section */

/* Begin PBXProject section */
		147E4ED02AF9452000E0A907 /* Project object */ = {
			isa = PBXProject;
			attributes = {
				BuildIndependentTargetsInParallel = 1;
				LastSwiftUpdateCheck = 1430;
				LastUpgradeCheck = 1430;
				TargetAttributes = {
					1474B6C02AFAEDEC007B5B68 = {
						CreatedOnToolsVersion = 14.3.1;
						TestTargetID = 147E4ED72AF9452000E0A907;
					};
					147E4ED72AF9452000E0A907 = {
						CreatedOnToolsVersion = 14.3.1;
					};
					147E4EFC2AF9A5FF00E0A907 = {
						CreatedOnToolsVersion = 14.3.1;
						TestTargetID = 147E4ED72AF9452000E0A907;
					};
				};
			};
			buildConfigurationList = 147E4ED32AF9452000E0A907 /* Build configuration list for PBXProject "DessertCategory" */;
			compatibilityVersion = "Xcode 14.0";
			developmentRegion = en;
			hasScannedForEncodings = 0;
			knownRegions = (
				en,
				Base,
			);
			mainGroup = 147E4ECF2AF9452000E0A907;
			productRefGroup = 147E4ED92AF9452000E0A907 /* Products */;
			projectDirPath = "";
			projectRoot = "";
			targets = (
				147E4ED72AF9452000E0A907 /* DessertCategory */,
				147E4EFC2AF9A5FF00E0A907 /* DessertCategoryUnitTests */,
				1474B6C02AFAEDEC007B5B68 /* DessertCategoryUITests */,
			);
		};
/* End PBXProject section */

/* Begin PBXResourcesBuildPhase section */
		1474B6BF2AFAEDEC007B5B68 /* Resources */ = {
			isa = PBXResourcesBuildPhase;
			buildActionMask = 2147483647;
			files = (
			);
			runOnlyForDeploymentPostprocessing = 0;
		};
		147E4ED62AF9452000E0A907 /* Resources */ = {
			isa = PBXResourcesBuildPhase;
			buildActionMask = 2147483647;
			files = (
				147E4EE32AF9452100E0A907 /* Preview Assets.xcassets in Resources */,
				147E4EE02AF9452100E0A907 /* Assets.xcassets in Resources */,
			);
			runOnlyForDeploymentPostprocessing = 0;
		};
		147E4EFB2AF9A5FF00E0A907 /* Resources */ = {
			isa = PBXResourcesBuildPhase;
			buildActionMask = 2147483647;
			files = (
			);
			runOnlyForDeploymentPostprocessing = 0;
		};
/* End PBXResourcesBuildPhase section */

/* Begin PBXSourcesBuildPhase section */
		1474B6BD2AFAEDEC007B5B68 /* Sources */ = {
			isa = PBXSourcesBuildPhase;
			buildActionMask = 2147483647;
			files = (
				1474B6C42AFAEDEC007B5B68 /* TestMealListView.swift in Sources */,
				1474B6C62AFAEDEC007B5B68 /* DessertCategoryUITestsLaunchTests.swift in Sources */,
				1474B6CD2AFAEF10007B5B68 /* MealListPageObject.swift in Sources */,
				1474B6EF2AFB2ACB007B5B68 /* TestPerformance.swift in Sources */,
				1474B6D02AFAF239007B5B68 /* MealDetailsPageObject.swift in Sources */,
			);
			runOnlyForDeploymentPostprocessing = 0;
		};
		147E4ED42AF9452000E0A907 /* Sources */ = {
			isa = PBXSourcesBuildPhase;
			buildActionMask = 2147483647;
			files = (
				147038142AFC1FDA002B17E4 /* MealDataModel.xcdatamodeld in Sources */,
				147E4EDE2AF9452000E0A907 /* ContentView.swift in Sources */,
				147037FE2AFBA5BB002B17E4 /* HandleLogging.swift in Sources */,
				147038372AFC39E2002B17E4 /* Persistence.swift in Sources */,
				147E4EF82AF99A2600E0A907 /* MealDetailsView.swift in Sources */,
				147E4EEC2AF9466B00E0A907 /* FetchDataGeneric.swift in Sources */,
				147E4EEE2AF9510A00E0A907 /* MealModel.swift in Sources */,
				147038402AFD0635002B17E4 /* NetworkMonitor.swift in Sources */,
				147E4EF42AF9943D00E0A907 /* MealDetailsModel.swift in Sources */,
				147E4EDC2AF9452000E0A907 /* DessertCategoryApp.swift in Sources */,
				147038392AFC835A002B17E4 /* NetworkError.swift in Sources */,
				147E4EF02AF95CC500E0A907 /* MealListViewModel.swift in Sources */,
				147E4EF62AF9997A00E0A907 /* MealDetailsViewModel.swift in Sources */,
				1470383D2AFC83BA002B17E4 /* MealDetailsFetcher.swift in Sources */,
				1470383B2AFC839D002B17E4 /* MealFetcher.swift in Sources */,
				147038102AFBCEF4002B17E4 /* RotateView.swift in Sources */,
				147E4EF22AF95CF500E0A907 /* MealListView.swift in Sources */,
				1474B6B42AFA90C0007B5B68 /* APIEndpoint.swift in Sources */,
			);
			runOnlyForDeploymentPostprocessing = 0;
		};
		147E4EF92AF9A5FF00E0A907 /* Sources */ = {
			isa = PBXSourcesBuildPhase;
			buildActionMask = 2147483647;
			files = (
				1474B6B82AFAA935007B5B68 /* MockFetchData.swift in Sources */,
				147E4F072AFA594400E0A907 /* MockFetchDataGeneric.swift in Sources */,
				1474B6B02AFA85DA007B5B68 /* TestMealDetails.swift in Sources */,
				1474B6B22AFA8C19007B5B68 /* TestMealModel.swift in Sources */,
				147E4F002AF9A5FF00E0A907 /* TestFetchDataGeneric.swift in Sources */,
				1474B6BC2AFAAA33007B5B68 /* TestMealListViewModel.swift in Sources */,
			);
			runOnlyForDeploymentPostprocessing = 0;
		};
/* End PBXSourcesBuildPhase section */

/* Begin PBXTargetDependency section */
		1474B6C82AFAEDEC007B5B68 /* PBXTargetDependency */ = {
			isa = PBXTargetDependency;
			target = 147E4ED72AF9452000E0A907 /* DessertCategory */;
			targetProxy = 1474B6C72AFAEDEC007B5B68 /* PBXContainerItemProxy */;
		};
		147E4F022AF9A5FF00E0A907 /* PBXTargetDependency */ = {
			isa = PBXTargetDependency;
			target = 147E4ED72AF9452000E0A907 /* DessertCategory */;
			targetProxy = 147E4F012AF9A5FF00E0A907 /* PBXContainerItemProxy */;
		};
/* End PBXTargetDependency section */

/* Begin XCBuildConfiguration section */
		1474B6CA2AFAEDEC007B5B68 /* Debug */ = {
			isa = XCBuildConfiguration;
			buildSettings = {
				CODE_SIGN_STYLE = Automatic;
				CURRENT_PROJECT_VERSION = 1;
				DEVELOPMENT_TEAM = Q247WY3MHA;
				GENERATE_INFOPLIST_FILE = YES;
				MARKETING_VERSION = 1.0;
				PRODUCT_BUNDLE_IDENTIFIER = com.salmdo.DessertCategoryUITests;
				PRODUCT_NAME = "$(TARGET_NAME)";
				SWIFT_EMIT_LOC_STRINGS = NO;
				SWIFT_VERSION = 5.0;
				TARGETED_DEVICE_FAMILY = "1,2";
				TEST_TARGET_NAME = DessertCategory;
			};
			name = Debug;
		};
		1474B6CB2AFAEDEC007B5B68 /* Release */ = {
			isa = XCBuildConfiguration;
			buildSettings = {
				CODE_SIGN_STYLE = Automatic;
				CURRENT_PROJECT_VERSION = 1;
				DEVELOPMENT_TEAM = Q247WY3MHA;
				GENERATE_INFOPLIST_FILE = YES;
				MARKETING_VERSION = 1.0;
				PRODUCT_BUNDLE_IDENTIFIER = com.salmdo.DessertCategoryUITests;
				PRODUCT_NAME = "$(TARGET_NAME)";
				SWIFT_EMIT_LOC_STRINGS = NO;
				SWIFT_VERSION = 5.0;
				TARGETED_DEVICE_FAMILY = "1,2";
				TEST_TARGET_NAME = DessertCategory;
			};
			name = Release;
		};
		147E4EE42AF9452100E0A907 /* Debug */ = {
			isa = XCBuildConfiguration;
			buildSettings = {
				ALWAYS_SEARCH_USER_PATHS = NO;
				CLANG_ANALYZER_NONNULL = YES;
				CLANG_ANALYZER_NUMBER_OBJECT_CONVERSION = YES_AGGRESSIVE;
				CLANG_CXX_LANGUAGE_STANDARD = "gnu++20";
				CLANG_ENABLE_MODULES = YES;
				CLANG_ENABLE_OBJC_ARC = YES;
				CLANG_ENABLE_OBJC_WEAK = YES;
				CLANG_WARN_BLOCK_CAPTURE_AUTORELEASING = YES;
				CLANG_WARN_BOOL_CONVERSION = YES;
				CLANG_WARN_COMMA = YES;
				CLANG_WARN_CONSTANT_CONVERSION = YES;
				CLANG_WARN_DEPRECATED_OBJC_IMPLEMENTATIONS = YES;
				CLANG_WARN_DIRECT_OBJC_ISA_USAGE = YES_ERROR;
				CLANG_WARN_DOCUMENTATION_COMMENTS = YES;
				CLANG_WARN_EMPTY_BODY = YES;
				CLANG_WARN_ENUM_CONVERSION = YES;
				CLANG_WARN_INFINITE_RECURSION = YES;
				CLANG_WARN_INT_CONVERSION = YES;
				CLANG_WARN_NON_LITERAL_NULL_CONVERSION = YES;
				CLANG_WARN_OBJC_IMPLICIT_RETAIN_SELF = YES;
				CLANG_WARN_OBJC_LITERAL_CONVERSION = YES;
				CLANG_WARN_OBJC_ROOT_CLASS = YES_ERROR;
				CLANG_WARN_QUOTED_INCLUDE_IN_FRAMEWORK_HEADER = YES;
				CLANG_WARN_RANGE_LOOP_ANALYSIS = YES;
				CLANG_WARN_STRICT_PROTOTYPES = YES;
				CLANG_WARN_SUSPICIOUS_MOVE = YES;
				CLANG_WARN_UNGUARDED_AVAILABILITY = YES_AGGRESSIVE;
				CLANG_WARN_UNREACHABLE_CODE = YES;
				CLANG_WARN__DUPLICATE_METHOD_MATCH = YES;
				COPY_PHASE_STRIP = NO;
				DEBUG_INFORMATION_FORMAT = dwarf;
				ENABLE_STRICT_OBJC_MSGSEND = YES;
				ENABLE_TESTABILITY = YES;
				GCC_C_LANGUAGE_STANDARD = gnu11;
				GCC_DYNAMIC_NO_PIC = NO;
				GCC_GENERATE_TEST_COVERAGE_FILES = YES;
				GCC_NO_COMMON_BLOCKS = YES;
				GCC_OPTIMIZATION_LEVEL = 0;
				GCC_PREPROCESSOR_DEFINITIONS = (
					"DEBUG=1",
					"$(inherited)",
				);
				GCC_WARN_64_TO_32_BIT_CONVERSION = YES;
				GCC_WARN_ABOUT_RETURN_TYPE = YES_ERROR;
				GCC_WARN_UNDECLARED_SELECTOR = YES;
				GCC_WARN_UNINITIALIZED_AUTOS = YES_AGGRESSIVE;
				GCC_WARN_UNUSED_FUNCTION = YES;
				GCC_WARN_UNUSED_VARIABLE = YES;
				IPHONEOS_DEPLOYMENT_TARGET = 16.4;
				MTL_ENABLE_DEBUG_INFO = INCLUDE_SOURCE;
				MTL_FAST_MATH = YES;
				ONLY_ACTIVE_ARCH = YES;
				SDKROOT = iphoneos;
				SWIFT_ACTIVE_COMPILATION_CONDITIONS = DEBUG;
				SWIFT_OPTIMIZATION_LEVEL = "-Onone";
			};
			name = Debug;
		};
		147E4EE52AF9452100E0A907 /* Release */ = {
			isa = XCBuildConfiguration;
			buildSettings = {
				ALWAYS_SEARCH_USER_PATHS = NO;
				CLANG_ANALYZER_NONNULL = YES;
				CLANG_ANALYZER_NUMBER_OBJECT_CONVERSION = YES_AGGRESSIVE;
				CLANG_CXX_LANGUAGE_STANDARD = "gnu++20";
				CLANG_ENABLE_MODULES = YES;
				CLANG_ENABLE_OBJC_ARC = YES;
				CLANG_ENABLE_OBJC_WEAK = YES;
				CLANG_WARN_BLOCK_CAPTURE_AUTORELEASING = YES;
				CLANG_WARN_BOOL_CONVERSION = YES;
				CLANG_WARN_COMMA = YES;
				CLANG_WARN_CONSTANT_CONVERSION = YES;
				CLANG_WARN_DEPRECATED_OBJC_IMPLEMENTATIONS = YES;
				CLANG_WARN_DIRECT_OBJC_ISA_USAGE = YES_ERROR;
				CLANG_WARN_DOCUMENTATION_COMMENTS = YES;
				CLANG_WARN_EMPTY_BODY = YES;
				CLANG_WARN_ENUM_CONVERSION = YES;
				CLANG_WARN_INFINITE_RECURSION = YES;
				CLANG_WARN_INT_CONVERSION = YES;
				CLANG_WARN_NON_LITERAL_NULL_CONVERSION = YES;
				CLANG_WARN_OBJC_IMPLICIT_RETAIN_SELF = YES;
				CLANG_WARN_OBJC_LITERAL_CONVERSION = YES;
				CLANG_WARN_OBJC_ROOT_CLASS = YES_ERROR;
				CLANG_WARN_QUOTED_INCLUDE_IN_FRAMEWORK_HEADER = YES;
				CLANG_WARN_RANGE_LOOP_ANALYSIS = YES;
				CLANG_WARN_STRICT_PROTOTYPES = YES;
				CLANG_WARN_SUSPICIOUS_MOVE = YES;
				CLANG_WARN_UNGUARDED_AVAILABILITY = YES_AGGRESSIVE;
				CLANG_WARN_UNREACHABLE_CODE = YES;
				CLANG_WARN__DUPLICATE_METHOD_MATCH = YES;
				COPY_PHASE_STRIP = NO;
				DEBUG_INFORMATION_FORMAT = "dwarf-with-dsym";
				ENABLE_NS_ASSERTIONS = NO;
				ENABLE_STRICT_OBJC_MSGSEND = YES;
				GCC_C_LANGUAGE_STANDARD = gnu11;
				GCC_GENERATE_TEST_COVERAGE_FILES = YES;
				GCC_NO_COMMON_BLOCKS = YES;
				GCC_WARN_64_TO_32_BIT_CONVERSION = YES;
				GCC_WARN_ABOUT_RETURN_TYPE = YES_ERROR;
				GCC_WARN_UNDECLARED_SELECTOR = YES;
				GCC_WARN_UNINITIALIZED_AUTOS = YES_AGGRESSIVE;
				GCC_WARN_UNUSED_FUNCTION = YES;
				GCC_WARN_UNUSED_VARIABLE = YES;
				IPHONEOS_DEPLOYMENT_TARGET = 16.4;
				MTL_ENABLE_DEBUG_INFO = NO;
				MTL_FAST_MATH = YES;
				SDKROOT = iphoneos;
				SWIFT_COMPILATION_MODE = wholemodule;
				SWIFT_OPTIMIZATION_LEVEL = "-O";
				VALIDATE_PRODUCT = YES;
			};
			name = Release;
		};
		147E4EE72AF9452100E0A907 /* Debug */ = {
			isa = XCBuildConfiguration;
			buildSettings = {
				ASSETCATALOG_COMPILER_APPICON_NAME = AppIcon;
				ASSETCATALOG_COMPILER_GLOBAL_ACCENT_COLOR_NAME = AccentColor;
				CODE_SIGN_STYLE = Automatic;
				CURRENT_PROJECT_VERSION = 1;
				DEVELOPMENT_ASSET_PATHS = "\"DessertCategory/Preview Content\"";
				DEVELOPMENT_TEAM = Q247WY3MHA;
				ENABLE_PREVIEWS = YES;
				GCC_GENERATE_TEST_COVERAGE_FILES = YES;
				GENERATE_INFOPLIST_FILE = YES;
				INFOPLIST_KEY_UIApplicationSceneManifest_Generation = YES;
				INFOPLIST_KEY_UIApplicationSupportsIndirectInputEvents = YES;
				INFOPLIST_KEY_UILaunchScreen_Generation = YES;
				INFOPLIST_KEY_UISupportedInterfaceOrientations_iPad = "UIInterfaceOrientationPortrait UIInterfaceOrientationPortraitUpsideDown UIInterfaceOrientationLandscapeLeft UIInterfaceOrientationLandscapeRight";
				INFOPLIST_KEY_UISupportedInterfaceOrientations_iPhone = "UIInterfaceOrientationPortrait UIInterfaceOrientationLandscapeLeft UIInterfaceOrientationLandscapeRight";
				LD_RUNPATH_SEARCH_PATHS = (
					"$(inherited)",
					"@executable_path/Frameworks",
				);
				MARKETING_VERSION = 1.0;
				PRODUCT_BUNDLE_IDENTIFIER = com.salmdo.DessertCategory;
				PRODUCT_NAME = "$(TARGET_NAME)";
				SWIFT_EMIT_LOC_STRINGS = YES;
				SWIFT_VERSION = 5.0;
				TARGETED_DEVICE_FAMILY = "1,2";
			};
			name = Debug;
		};
		147E4EE82AF9452100E0A907 /* Release */ = {
			isa = XCBuildConfiguration;
			buildSettings = {
				ASSETCATALOG_COMPILER_APPICON_NAME = AppIcon;
				ASSETCATALOG_COMPILER_GLOBAL_ACCENT_COLOR_NAME = AccentColor;
				CODE_SIGN_STYLE = Automatic;
				CURRENT_PROJECT_VERSION = 1;
				DEVELOPMENT_ASSET_PATHS = "\"DessertCategory/Preview Content\"";
				DEVELOPMENT_TEAM = Q247WY3MHA;
				ENABLE_PREVIEWS = YES;
				GCC_GENERATE_TEST_COVERAGE_FILES = YES;
				GENERATE_INFOPLIST_FILE = YES;
				INFOPLIST_KEY_UIApplicationSceneManifest_Generation = YES;
				INFOPLIST_KEY_UIApplicationSupportsIndirectInputEvents = YES;
				INFOPLIST_KEY_UILaunchScreen_Generation = YES;
				INFOPLIST_KEY_UISupportedInterfaceOrientations_iPad = "UIInterfaceOrientationPortrait UIInterfaceOrientationPortraitUpsideDown UIInterfaceOrientationLandscapeLeft UIInterfaceOrientationLandscapeRight";
				INFOPLIST_KEY_UISupportedInterfaceOrientations_iPhone = "UIInterfaceOrientationPortrait UIInterfaceOrientationLandscapeLeft UIInterfaceOrientationLandscapeRight";
				LD_RUNPATH_SEARCH_PATHS = (
					"$(inherited)",
					"@executable_path/Frameworks",
				);
				MARKETING_VERSION = 1.0;
				PRODUCT_BUNDLE_IDENTIFIER = com.salmdo.DessertCategory;
				PRODUCT_NAME = "$(TARGET_NAME)";
				SWIFT_EMIT_LOC_STRINGS = YES;
				SWIFT_VERSION = 5.0;
				TARGETED_DEVICE_FAMILY = "1,2";
			};
			name = Release;
		};
		147E4F042AF9A5FF00E0A907 /* Debug */ = {
			isa = XCBuildConfiguration;
			buildSettings = {
				BUNDLE_LOADER = "$(TEST_HOST)";
				CODE_SIGN_STYLE = Automatic;
				CURRENT_PROJECT_VERSION = 1;
				DEVELOPMENT_TEAM = Q247WY3MHA;
				GENERATE_INFOPLIST_FILE = YES;
				MARKETING_VERSION = 1.0;
				PRODUCT_BUNDLE_IDENTIFIER = com.salmdo.DessertCategoryUnitTests;
				PRODUCT_NAME = "$(TARGET_NAME)";
				SWIFT_EMIT_LOC_STRINGS = NO;
				SWIFT_VERSION = 5.0;
				TARGETED_DEVICE_FAMILY = "1,2";
				TEST_HOST = "$(BUILT_PRODUCTS_DIR)/DessertCategory.app/$(BUNDLE_EXECUTABLE_FOLDER_PATH)/DessertCategory";
			};
			name = Debug;
		};
		147E4F052AF9A5FF00E0A907 /* Release */ = {
			isa = XCBuildConfiguration;
			buildSettings = {
				BUNDLE_LOADER = "$(TEST_HOST)";
				CODE_SIGN_STYLE = Automatic;
				CURRENT_PROJECT_VERSION = 1;
				DEVELOPMENT_TEAM = Q247WY3MHA;
				GENERATE_INFOPLIST_FILE = YES;
				MARKETING_VERSION = 1.0;
				PRODUCT_BUNDLE_IDENTIFIER = com.salmdo.DessertCategoryUnitTests;
				PRODUCT_NAME = "$(TARGET_NAME)";
				SWIFT_EMIT_LOC_STRINGS = NO;
				SWIFT_VERSION = 5.0;
				TARGETED_DEVICE_FAMILY = "1,2";
				TEST_HOST = "$(BUILT_PRODUCTS_DIR)/DessertCategory.app/$(BUNDLE_EXECUTABLE_FOLDER_PATH)/DessertCategory";
			};
			name = Release;
		};
/* End XCBuildConfiguration section */

/* Begin XCConfigurationList section */
		1474B6C92AFAEDEC007B5B68 /* Build configuration list for PBXNativeTarget "DessertCategoryUITests" */ = {
			isa = XCConfigurationList;
			buildConfigurations = (
				1474B6CA2AFAEDEC007B5B68 /* Debug */,
				1474B6CB2AFAEDEC007B5B68 /* Release */,
			);
			defaultConfigurationIsVisible = 0;
			defaultConfigurationName = Release;
		};
		147E4ED32AF9452000E0A907 /* Build configuration list for PBXProject "DessertCategory" */ = {
			isa = XCConfigurationList;
			buildConfigurations = (
				147E4EE42AF9452100E0A907 /* Debug */,
				147E4EE52AF9452100E0A907 /* Release */,
			);
			defaultConfigurationIsVisible = 0;
			defaultConfigurationName = Release;
		};
		147E4EE62AF9452100E0A907 /* Build configuration list for PBXNativeTarget "DessertCategory" */ = {
			isa = XCConfigurationList;
			buildConfigurations = (
				147E4EE72AF9452100E0A907 /* Debug */,
				147E4EE82AF9452100E0A907 /* Release */,
			);
			defaultConfigurationIsVisible = 0;
			defaultConfigurationName = Release;
		};
		147E4F032AF9A5FF00E0A907 /* Build configuration list for PBXNativeTarget "DessertCategoryUnitTests" */ = {
			isa = XCConfigurationList;
			buildConfigurations = (
				147E4F042AF9A5FF00E0A907 /* Debug */,
				147E4F052AF9A5FF00E0A907 /* Release */,
			);
			defaultConfigurationIsVisible = 0;
			defaultConfigurationName = Release;
		};
/* End XCConfigurationList section */

/* Begin XCVersionGroup section */
		147038122AFC1FDA002B17E4 /* MealDataModel.xcdatamodeld */ = {
			isa = XCVersionGroup;
			children = (
				147038132AFC1FDA002B17E4 /* MealDataModel.xcdatamodel */,
			);
			currentVersion = 147038132AFC1FDA002B17E4 /* MealDataModel.xcdatamodel */;
			path = MealDataModel.xcdatamodeld;
			sourceTree = "<group>";
			versionGroupType = wrapper.xcdatamodel;
		};
/* End XCVersionGroup section */
	};
	rootObject = 147E4ED02AF9452000E0A907 /* Project object */;
}
